
Microsoft Visual Studio Solution File, Format Version 12.00
# Visual Studio Version 17
VisualStudioVersion = 17.14.36518.9 d17.14
MinimumVisualStudioVersion = 10.0.40219.1
Project("{FAE04EC0-301F-11D3-BF4B-00C04F79EFBC}") = "KonturSokoban", "KonturSokoban\KonturSokoban.csproj", "{1FE1AE25-1716-4914-AA4F-4D88CE65DF85}"
EndProject
Global
	GlobalSection(SolutionConfigurationPlatforms) = preSolution
		Debug|Any CPU = Debug|Any CPU
		Release|Any CPU = Release|Any CPU
	EndGlobalSection
	GlobalSection(ProjectConfigurationPlatforms) = postSolution
		{1FE1AE25-1716-4914-AA4F-4D88CE65DF85}.Debug|Any CPU.ActiveCfg = Debug|Any CPU
		{1FE1AE25-1716-4914-AA4F-4D88CE65DF85}.Debug|Any CPU.Build.0 = Debug|Any CPU
		{1FE1AE25-1716-4914-AA4F-4D88CE65DF85}.Release|Any CPU.ActiveCfg = Release|Any CPU
		{1FE1AE25-1716-4914-AA4F-4D88CE65DF85}.Release|Any CPU.Build.0 = Release|Any CPU
	EndGlobalSection
	GlobalSection(SolutionProperties) = preSolution
		HideSolutionNode = FALSE
	EndGlobalSection
	GlobalSection(ExtensibilityGlobals) = postSolution
		SolutionGuid = {80F55EFB-FF24-4300-8C06-9B36DBEAC090}
	EndGlobalSection
EndGlobal
